
Microsoft Visual Studio Solution File, Format Version 12.00
# Visual Studio Version 17
VisualStudioVersion = 17.5.33530.505
MinimumVisualStudioVersion = 10.0.40219.1
Project("{FAE04EC0-301F-11D3-BF4B-00C04F79EFBC}") = "CookBook", "CookBook.csproj", "{B60E16A9-52B3-471A-9AD6-CE1BACB39552}"
EndProject
Global
	GlobalSection(SolutionConfigurationPlatforms) = preSolution
		Debug|Any CPU = Debug|Any CPU
		Release|Any CPU = Release|Any CPU
	EndGlobalSection
	GlobalSection(ProjectConfigurationPlatforms) = postSolution
		{B60E16A9-52B3-471A-9AD6-CE1BACB39552}.Debug|Any CPU.ActiveCfg = Debug|Any CPU
		{B60E16A9-52B3-471A-9AD6-CE1BACB39552}.Debug|Any CPU.Build.0 = Debug|Any CPU
		{B60E16A9-52B3-471A-9AD6-CE1BACB39552}.Release|Any CPU.ActiveCfg = Release|Any CPU
		{B60E16A9-52B3-471A-9AD6-CE1BACB39552}.Release|Any CPU.Build.0 = Release|Any CPU
	EndGlobalSection
	GlobalSection(SolutionProperties) = preSolution
		HideSolutionNode = FALSE
	EndGlobalSection
	GlobalSection(ExtensibilityGlobals) = postSolution
		SolutionGuid = {63901058-5C96-4449-9B27-978B630B7460}
	EndGlobalSection
EndGlobal
